PODS:
  - Mantle (2.1.6):
    - Mantle/extobjc (= 2.1.6)
  - Mantle/extobjc (2.1.6)
  - MD5Digest (1.1.0)
  - OpenUDID (1.0.0)
  - XAbstractionLibrary-Base (0.0.22):
    - MD5Digest
    - OpenUDID
  - XAbstractionLibrary-Parse (0.0.22):
    - Mantle (~> 2.1.0)
    - XAbstractionLibrary-Base

DEPENDENCIES:
  - XAbstractionLibrary-Parse (from `../`)

SPEC REPOS:
  https://github.com/jiaojiaozhe/XAbstractionLibrary-Specs:
    - XAbstractionLibrary-Base
  https://mirrors.tuna.tsinghua.edu.cn/git/CocoaPods/Specs.git:
    - Mantle
    - MD5Digest
    - OpenUDID

EXTERNAL SOURCES:
  XAbstractionLibrary-Parse:
    :path: "../"

SPEC CHECKSUMS:
  Mantle: 4c0ed6ce47c96eccc4dc3bb071deb3def0e2c3be
  MD5Digest: fea371215507cfcdc3c9633d02cffc7fd075ebc3
  OpenUDID: e7cb6984c7304906ad20f3a36bf087b025896b6b
  XAbstractionLibrary-Base: e2a83c03e6ea542b6327a55e335995c6292be3ab
  XAbstractionLibrary-Parse: 2d9b918ea6b509a461b607529f71c1b6071ff35c

PODFILE CHECKSUM: cb6309ea46a751c92dc73c3a669c73db33eb3bb2

COCOAPODS: 1.9.1
